{
  "name": "ractive-koa",
  "version": "0.0.1",
  "lockfileVersion": 1,
  "requires": true,
  "dependencies": {
    "coffee-script": {
      "version": "1.4.0",
      "resolved": "https://registry.npmjs.org/coffee-script/-/coffee-script-1.4.0.tgz",
      "integrity": "sha1-XjvIqsJsAajie/EHcixWVfWtfTY="
    },
    "commander": {
      "version": "0.6.1",
      "resolved": "https://registry.npmjs.org/commander/-/commander-0.6.1.tgz",
      "integrity": "sha1-+mihT2qUXVTbvlDYzbMyDp47GgY="
    },
    "jade": {
      "version": "0.27.7",
      "resolved": "https://registry.npmjs.org/jade/-/jade-0.27.7.tgz",
      "integrity": "sha1-sVfjEzeJpXJMvd3UU0HHWQ2pJ6o=",
      "requires": {
        "coffee-script": "~1.4.0",
        "commander": "0.6.1",
        "mkdirp": "0.3.x"
      }
    },
    "lodash": {
      "version": "3.10.1",
      "resolved": "https://registry.npmjs.org/lodash/-/lodash-3.10.1.tgz",
      "integrity": "sha1-W/Rejkm6QYnhfUgnid/RW9FAt7Y=",
      "dev": true
    },
    "mkdirp": {
      "version": "0.3.5",
      "resolved": "https://registry.npmjs.org/mkdirp/-/mkdirp-0.3.5.tgz",
      "integrity": "sha1-3j5fiWHIjHh+4TaN+EmsRBPsqNc="
    },
    "ss-jade": {
      "version": "0.1.3",
      "resolved": "https://registry.npmjs.org/ss-jade/-/ss-jade-0.1.3.tgz",
      "integrity": "sha1-CNU8peRi5Uxg6sTZ2z5ksL9PF08=",
      "requires": {
        "jade": "0.27.x"
      }
    }
  }
}
